
Microsoft Visual Studio Solution File, Format Version 12.00
# Visual Studio Version 16
VisualStudioVersion = 16.0.30011.22
MinimumVisualStudioVersion = 10.0.40219.1
Project("{FAE04EC0-301F-11D3-BF4B-00C04F79EFBC}") = "01-25 feb", "01-25 feb.csproj", "{2747A364-86F7-4E65-9427-5C5716A39EC6}"
EndProject
Global
	GlobalSection(SolutionConfigurationPlatforms) = preSolution
		Debug|Any CPU = Debug|Any CPU
		Release|Any CPU = Release|Any CPU
	EndGlobalSection
	GlobalSection(ProjectConfigurationPlatforms) = postSolution
		{2747A364-86F7-4E65-9427-5C5716A39EC6}.Debug|Any CPU.ActiveCfg = Debug|Any CPU
		{2747A364-86F7-4E65-9427-5C5716A39EC6}.Debug|Any CPU.Build.0 = Debug|Any CPU
		{2747A364-86F7-4E65-9427-5C5716A39EC6}.Release|Any CPU.ActiveCfg = Release|Any CPU
		{2747A364-86F7-4E65-9427-5C5716A39EC6}.Release|Any CPU.Build.0 = Release|Any CPU
	EndGlobalSection
	GlobalSection(SolutionProperties) = preSolution
		HideSolutionNode = FALSE
	EndGlobalSection
	GlobalSection(ExtensibilityGlobals) = postSolution
		SolutionGuid = {CCE1E757-93BC-4159-A126-846E9E1D3B11}
	EndGlobalSection
EndGlobal
